
Microsoft Visual Studio Solution File, Format Version 12.00
# Visual Studio Version 17
VisualStudioVersion = 17.4.33205.214
MinimumVisualStudioVersion = 10.0.40219.1
Project("{FAE04EC0-301F-11D3-BF4B-00C04F79EFBC}") = "Adventoofcode2023", "Adventoofcode2023\Adventoofcode2023.csproj", "{E9AB1448-ADEC-4CB7-83AC-47037CAB92B2}"
EndProject
Global
	GlobalSection(SolutionConfigurationPlatforms) = preSolution
		Debug|Any CPU = Debug|Any CPU
		Release|Any CPU = Release|Any CPU
	EndGlobalSection
	GlobalSection(ProjectConfigurationPlatforms) = postSolution
		{E9AB1448-ADEC-4CB7-83AC-47037CAB92B2}.Debug|Any CPU.ActiveCfg = Debug|Any CPU
		{E9AB1448-ADEC-4CB7-83AC-47037CAB92B2}.Debug|Any CPU.Build.0 = Debug|Any CPU
		{E9AB1448-ADEC-4CB7-83AC-47037CAB92B2}.Release|Any CPU.ActiveCfg = Release|Any CPU
		{E9AB1448-ADEC-4CB7-83AC-47037CAB92B2}.Release|Any CPU.Build.0 = Release|Any CPU
	EndGlobalSection
	GlobalSection(SolutionProperties) = preSolution
		HideSolutionNode = FALSE
	EndGlobalSection
	GlobalSection(ExtensibilityGlobals) = postSolution
		SolutionGuid = {CD56C233-4036-4115-A6DC-684930B2E5CE}
	EndGlobalSection
EndGlobal
